
Microsoft Visual Studio Solution File, Format Version 11.00
# Visual Studio 2010
Project("{8BC9CEB8-8B4A-11D0-8D11-00A0C91BC942}") = "RocketMQClient", "RocketMQClient.vcxproj", "{BDC45B53-AB3B-4B5F-9D5F-48A2FA107E20}"
	ProjectSection(ProjectDependencies) = postProject
		{C67BAF2F-4FF4-4988-8C8D-86F46B7A8ACD} = {C67BAF2F-4FF4-4988-8C8D-86F46B7A8ACD}
	EndProjectSection
EndProject
Project("{8BC9CEB8-8B4A-11D0-8D11-00A0C91BC942}") = "Producer", "..\example\simple\Producer.vcxproj", "{6353A7B2-2343-4095-924E-0F69AD3FF497}"
	ProjectSection(ProjectDependencies) = postProject
		{BDC45B53-AB3B-4B5F-9D5F-48A2FA107E20} = {BDC45B53-AB3B-4B5F-9D5F-48A2FA107E20}
	EndProjectSection
EndProject
Project("{8BC9CEB8-8B4A-11D0-8D11-00A0C91BC942}") = "pullConsumer", "..\example\simple\pullConsumer.vcxproj", "{EFA38C97-8589-4CA1-91FE-A9F649FFA89A}"
	ProjectSection(ProjectDependencies) = postProject
		{BDC45B53-AB3B-4B5F-9D5F-48A2FA107E20} = {BDC45B53-AB3B-4B5F-9D5F-48A2FA107E20}
	EndProjectSection
EndProject
Project("{8BC9CEB8-8B4A-11D0-8D11-00A0C91BC942}") = "pushConsumer", "..\example\simple\pushConsumer.vcxproj", "{18F03D57-1D9F-4337-97DA-C9CE518BEE09}"
	ProjectSection(ProjectDependencies) = postProject
		{BDC45B53-AB3B-4B5F-9D5F-48A2FA107E20} = {BDC45B53-AB3B-4B5F-9D5F-48A2FA107E20}
	EndProjectSection
EndProject
Project("{8BC9CEB8-8B4A-11D0-8D11-00A0C91BC942}") = "juce", "..\libs\modules\msvc10\juce.vcxproj", "{C67BAF2F-4FF4-4988-8C8D-86F46B7A8ACD}"
EndProject
Project("{8BC9CEB8-8B4A-11D0-8D11-00A0C91BC942}") = "mytest", "..\example\simple\mytest.vcxproj", "{799208C8-E12C-4A04-864A-BFD835795BC1}"
	ProjectSection(ProjectDependencies) = postProject
		{C67BAF2F-4FF4-4988-8C8D-86F46B7A8ACD} = {C67BAF2F-4FF4-4988-8C8D-86F46B7A8ACD}
		{BDC45B53-AB3B-4B5F-9D5F-48A2FA107E20} = {BDC45B53-AB3B-4B5F-9D5F-48A2FA107E20}
	EndProjectSection
EndProject
Global
	GlobalSection(SolutionConfigurationPlatforms) = preSolution
		Debug|Win32 = Debug|Win32
		Release|Win32 = Release|Win32
	EndGlobalSection
	GlobalSection(ProjectConfigurationPlatforms) = postSolution
		{BDC45B53-AB3B-4B5F-9D5F-48A2FA107E20}.Debug|Win32.ActiveCfg = Debug|Win32
		{BDC45B53-AB3B-4B5F-9D5F-48A2FA107E20}.Debug|Win32.Build.0 = Debug|Win32
		{BDC45B53-AB3B-4B5F-9D5F-48A2FA107E20}.Release|Win32.ActiveCfg = Release|Win32
		{BDC45B53-AB3B-4B5F-9D5F-48A2FA107E20}.Release|Win32.Build.0 = Release|Win32
		{6353A7B2-2343-4095-924E-0F69AD3FF497}.Debug|Win32.ActiveCfg = Debug|Win32
		{6353A7B2-2343-4095-924E-0F69AD3FF497}.Debug|Win32.Build.0 = Debug|Win32
		{6353A7B2-2343-4095-924E-0F69AD3FF497}.Release|Win32.ActiveCfg = Release|Win32
		{6353A7B2-2343-4095-924E-0F69AD3FF497}.Release|Win32.Build.0 = Release|Win32
		{EFA38C97-8589-4CA1-91FE-A9F649FFA89A}.Debug|Win32.ActiveCfg = Debug|Win32
		{EFA38C97-8589-4CA1-91FE-A9F649FFA89A}.Debug|Win32.Build.0 = Debug|Win32
		{EFA38C97-8589-4CA1-91FE-A9F649FFA89A}.Release|Win32.ActiveCfg = Release|Win32
		{EFA38C97-8589-4CA1-91FE-A9F649FFA89A}.Release|Win32.Build.0 = Release|Win32
		{18F03D57-1D9F-4337-97DA-C9CE518BEE09}.Debug|Win32.ActiveCfg = Debug|Win32
		{18F03D57-1D9F-4337-97DA-C9CE518BEE09}.Release|Win32.ActiveCfg = Release|Win32
		{C67BAF2F-4FF4-4988-8C8D-86F46B7A8ACD}.Debug|Win32.ActiveCfg = Debug|Win32
		{C67BAF2F-4FF4-4988-8C8D-86F46B7A8ACD}.Release|Win32.ActiveCfg = Release|Win32
		{799208C8-E12C-4A04-864A-BFD835795BC1}.Debug|Win32.ActiveCfg = Debug|Win32
		{799208C8-E12C-4A04-864A-BFD835795BC1}.Debug|Win32.Build.0 = Debug|Win32
		{799208C8-E12C-4A04-864A-BFD835795BC1}.Release|Win32.ActiveCfg = Release|Win32
		{799208C8-E12C-4A04-864A-BFD835795BC1}.Release|Win32.Build.0 = Release|Win32
	EndGlobalSection
	GlobalSection(SolutionProperties) = preSolution
		HideSolutionNode = FALSE
	EndGlobalSection
EndGlobal
