<?xml version="1.0" encoding="utf-8"?>
<Project ToolsVersion="4.0" xmlns="http://schemas.microsoft.com/developer/msbuild/2003">
  <ItemGroup>
    <ClCompile Include="..\src\dllmain.cpp" />
    <ClCompile Include="..\src\producer\DefaultMQProducer.cpp">
      <Filter>producer</Filter>
    </ClCompile>
    <ClCompile Include="..\src\transport\TcpRemotingClient.cpp">
      <Filter>transport</Filter>
    </ClCompile>
    <ClCompile Include="..\src\transport\TcpTransport.cpp">
      <Filter>transport</Filter>
    </ClCompile>
    <ClCompile Include="..\src\transport\SocketUtil.cpp">
      <Filter>transport</Filter>
    </ClCompile>
    <ClCompile Include="..\src\protocol\RemotingCommand.cpp">
      <Filter>protocol</Filter>
    </ClCompile>
    <ClCompile Include="..\src\transport\ResponseFuture.cpp">
      <Filter>transport</Filter>
    </ClCompile>
    <ClCompile Include="..\src\MQClientFactory.cpp" />
    <ClCompile Include="..\src\MQClientAPIImpl.cpp" />
    <ClCompile Include="..\src\common\MQVersion.cpp">
      <Filter>common</Filter>
    </ClCompile>
    <ClCompile Include="..\src\common\TopicConfig.cpp">
      <Filter>common</Filter>
    </ClCompile>
    <ClCompile Include="..\src\common\PermName.cpp">
      <Filter>common</Filter>
    </ClCompile>
    <ClCompile Include="..\src\common\MessageSysFlag.cpp">
      <Filter>common</Filter>
    </ClCompile>
    <ClCompile Include="..\src\common\Validators.cpp">
      <Filter>common</Filter>
    </ClCompile>
    <ClCompile Include="..\src\common\PullSysFlag.cpp">
      <Filter>common</Filter>
    </ClCompile>
    <ClCompile Include="..\src\common\VirtualEnvUtil.cpp">
      <Filter>common</Filter>
    </ClCompile>
    <ClCompile Include="..\src\protocol\LockBatchBody.cpp">
      <Filter>protocol</Filter>
    </ClCompile>
    <ClCompile Include="..\src\message\MQMessage.cpp">
      <Filter>message</Filter>
    </ClCompile>
    <ClCompile Include="..\src\message\MQMessageExt.cpp">
      <Filter>message</Filter>
    </ClCompile>
    <ClCompile Include="..\src\message\MQMessageQueue.cpp">
      <Filter>message</Filter>
    </ClCompile>
    <ClCompile Include="..\src\message\MQDecoder.cpp">
      <Filter>message</Filter>
    </ClCompile>
    <ClCompile Include="..\src\protocol\CommandHeader.cpp">
      <Filter>protocol</Filter>
    </ClCompile>
    <ClCompile Include="..\src\MQClientManager.cpp" />
    <ClCompile Include="..\src\consumer\DefaultMQPullConsumer.cpp">
      <Filter>consumer</Filter>
    </ClCompile>
    <ClCompile Include="..\src\consumer\PullRequest.cpp">
      <Filter>consumer</Filter>
    </ClCompile>
    <ClCompile Include="..\src\consumer\SubscriptionData.cpp">
      <Filter>consumer</Filter>
    </ClCompile>
    <ClCompile Include="..\src\common\TopAddressing.cpp">
      <Filter>common</Filter>
    </ClCompile>
    <ClCompile Include="..\src\consumer\Rebalance.cpp">
      <Filter>consumer</Filter>
    </ClCompile>
    <ClCompile Include="..\src\common\MQTime.cpp">
      <Filter>common</Filter>
    </ClCompile>
    <ClCompile Include="..\src\consumer\RebalanceService.cpp">
      <Filter>consumer</Filter>
    </ClCompile>
    <ClCompile Include="..\src\consumer\PullMessageService.cpp">
      <Filter>consumer</Filter>
    </ClCompile>
    <ClCompile Include="..\src\consumer\PullAPIWrapper.cpp">
      <Filter>consumer</Filter>
    </ClCompile>
    <ClCompile Include="..\src\producer\SendResult.cpp">
      <Filter>producer</Filter>
    </ClCompile>
    <ClCompile Include="..\src\consumer\PullResult.cpp">
      <Filter>consumer</Filter>
    </ClCompile>
    <ClCompile Include="..\src\common\AsyncCallbackWrap.cpp">
      <Filter>common</Filter>
    </ClCompile>
    <ClCompile Include="..\src\consumer\DefaultMQPushConsumer.cpp">
      <Filter>consumer</Filter>
    </ClCompile>
    <ClCompile Include="..\src\consumer\OffsetStore.cpp">
      <Filter>consumer</Filter>
    </ClCompile>
    <ClCompile Include="..\src\consumer\ConsumeMsgService.cpp">
      <Filter>consumer</Filter>
    </ClCompile>
    <ClCompile Include="..\src\common\TimeSliceTask.cpp">
      <Filter>common</Filter>
    </ClCompile>
    <ClCompile Include="..\src\common\MQClient.cpp">
      <Filter>common</Filter>
    </ClCompile>
    <ClCompile Include="..\src\common\Arg_helper.cpp">
      <Filter>common</Filter>
    </ClCompile>
  </ItemGroup>
  <ItemGroup>
    <ClInclude Include="..\src\producer\TopicPublishInfo.h">
      <Filter>producer</Filter>
    </ClInclude>
    <ClInclude Include="..\include\MQClientException.h">
      <Filter>include</Filter>
    </ClInclude>
    <ClInclude Include="..\include\MQProducer.h">
      <Filter>include</Filter>
    </ClInclude>
    <ClInclude Include="..\include\QueryResult.h">
      <Filter>include</Filter>
    </ClInclude>
    <ClInclude Include="..\include\SendResult.h">
      <Filter>include</Filter>
    </ClInclude>
    <ClInclude Include="..\src\common\ServiceState.h">
      <Filter>common</Filter>
    </ClInclude>
    <ClInclude Include="..\include\PullResult.h">
      <Filter>include</Filter>
    </ClInclude>
    <ClInclude Include="..\src\transport\ResponseFuture.h">
      <Filter>transport</Filter>
    </ClInclude>
    <ClInclude Include="..\src\transport\TcpRemotingClient.h">
      <Filter>transport</Filter>
    </ClInclude>
    <ClInclude Include="..\src\transport\TcpTransport.h">
      <Filter>transport</Filter>
    </ClInclude>
    <ClInclude Include="..\src\protocol\RemotingCommand.h">
      <Filter>protocol</Filter>
    </ClInclude>
    <ClInclude Include="..\src\protocol\MQProtos.h">
      <Filter>protocol</Filter>
    </ClInclude>
    <ClInclude Include="..\src\MQClientAPIImpl.h" />
    <ClInclude Include="..\src\common\MQVersion.h">
      <Filter>common</Filter>
    </ClInclude>
    <ClInclude Include="..\src\common\SubscriptionGroupConfig.h">
      <Filter>common</Filter>
    </ClInclude>
    <ClInclude Include="..\src\common\TopAddressing.h">
      <Filter>common</Filter>
    </ClInclude>
    <ClInclude Include="..\src\common\TopicConfig.h">
      <Filter>common</Filter>
    </ClInclude>
    <ClInclude Include="..\src\common\TopicStatsTable.h">
      <Filter>common</Filter>
    </ClInclude>
    <ClInclude Include="..\src\common\UtilAll.h">
      <Filter>common</Filter>
    </ClInclude>
    <ClInclude Include="..\src\common\PermName.h">
      <Filter>common</Filter>
    </ClInclude>
    <ClInclude Include="..\src\protocol\TopicList.h">
      <Filter>protocol</Filter>
    </ClInclude>
    <ClInclude Include="..\include\SendMessageHook.h">
      <Filter>include</Filter>
    </ClInclude>
    <ClInclude Include="..\src\protocol\HeartbeatData.h">
      <Filter>protocol</Filter>
    </ClInclude>
    <ClInclude Include="..\include\DefaultMQProducer.h">
      <Filter>include</Filter>
    </ClInclude>
    <ClInclude Include="..\include\RocketMQClient.h">
      <Filter>include</Filter>
    </ClInclude>
    <ClInclude Include="..\src\common\MessageSysFlag.h">
      <Filter>common</Filter>
    </ClInclude>
    <ClInclude Include="..\src\common\Validators.h">
      <Filter>common</Filter>
    </ClInclude>
    <ClInclude Include="..\src\common\VirtualEnvUtil.h">
      <Filter>common</Filter>
    </ClInclude>
    <ClInclude Include="..\src\common\PullSysFlag.h">
      <Filter>common</Filter>
    </ClInclude>
    <ClInclude Include="..\src\common\FilterAPI.h">
      <Filter>common</Filter>
    </ClInclude>
    <ClInclude Include="..\src\protocol\RemotingSerializable.h">
      <Filter>protocol</Filter>
    </ClInclude>
    <ClInclude Include="..\src\transport\SocketUtil.h">
      <Filter>transport</Filter>
    </ClInclude>
    <ClInclude Include="..\src\common\NamesrvConfig.h">
      <Filter>common</Filter>
    </ClInclude>
    <ClInclude Include="..\src\protocol\TopicRouteData.h">
      <Filter>protocol</Filter>
    </ClInclude>
    <ClInclude Include="..\src\protocol\KVTable.h">
      <Filter>protocol</Filter>
    </ClInclude>
    <ClInclude Include="..\src\protocol\LockBatchBody.h">
      <Filter>protocol</Filter>
    </ClInclude>
    <ClInclude Include="..\include\MQMessage.h">
      <Filter>include</Filter>
    </ClInclude>
    <ClInclude Include="..\include\MQMessageExt.h">
      <Filter>include</Filter>
    </ClInclude>
    <ClInclude Include="..\include\MQMessageListener.h">
      <Filter>include</Filter>
    </ClInclude>
    <ClInclude Include="..\include\MQMessageQueue.h">
      <Filter>include</Filter>
    </ClInclude>
    <ClInclude Include="..\src\message\MQMessageId.h">
      <Filter>message</Filter>
    </ClInclude>
    <ClInclude Include="..\include\MQueueListener.h">
      <Filter>include</Filter>
    </ClInclude>
    <ClInclude Include="..\src\message\MQDecoder.h">
      <Filter>message</Filter>
    </ClInclude>
    <ClInclude Include="..\src\protocol\CommandHeader.h">
      <Filter>protocol</Filter>
    </ClInclude>
    <ClInclude Include="..\src\MQClientFactory.h" />
    <ClInclude Include="..\src\MQClientManager.h" />
    <ClInclude Include="..\include\DefaultMQPullConsumer.h">
      <Filter>include</Filter>
    </ClInclude>
    <ClInclude Include="..\include\MQConsumer.h">
      <Filter>include</Filter>
    </ClInclude>
    <ClInclude Include="..\src\consumer\MessageQueueLock.h">
      <Filter>consumer</Filter>
    </ClInclude>
    <ClInclude Include="..\src\consumer\PullRequest.h">
      <Filter>consumer</Filter>
    </ClInclude>
    <ClInclude Include="..\src\consumer\SubscriptionData.h">
      <Filter>consumer</Filter>
    </ClInclude>
    <ClInclude Include="..\include\ConsumeType.h">
      <Filter>include</Filter>
    </ClInclude>
    <ClInclude Include="..\include\MQSelector.h">
      <Filter>include</Filter>
    </ClInclude>
    <ClInclude Include="..\src\consumer\Rebalance.h">
      <Filter>consumer</Filter>
    </ClInclude>
    <ClInclude Include="..\include\MQTime.h">
      <Filter>include</Filter>
    </ClInclude>
    <ClInclude Include="..\src\consumer\OffsetStore.h">
      <Filter>consumer</Filter>
    </ClInclude>
    <ClInclude Include="..\src\consumer\RebalanceService.h">
      <Filter>consumer</Filter>
    </ClInclude>
    <ClInclude Include="..\src\consumer\PullMessageService.h">
      <Filter>consumer</Filter>
    </ClInclude>
    <ClInclude Include="..\src\consumer\PullAPIWrapper.h">
      <Filter>consumer</Filter>
    </ClInclude>
    <ClInclude Include="..\src\common\CommunicationMode.h">
      <Filter>common</Filter>
    </ClInclude>
    <ClInclude Include="..\src\consumer\PullResultExt.h">
      <Filter>consumer</Filter>
    </ClInclude>
    <ClInclude Include="..\include\AsyncCallback.h">
      <Filter>include</Filter>
    </ClInclude>
    <ClInclude Include="..\src\common\AsyncCallbackWrap.h">
      <Filter>common</Filter>
    </ClInclude>
    <ClInclude Include="..\src\common\TopicFilterType.h">
      <Filter>common</Filter>
    </ClInclude>
    <ClInclude Include="..\include\DefaultMQPushConsumer.h">
      <Filter>include</Filter>
    </ClInclude>
    <ClInclude Include="..\src\consumer\AllocateMQStrategy.h">
      <Filter>consumer</Filter>
    </ClInclude>
    <ClInclude Include="..\src\consumer\ConsumeMsgService.h">
      <Filter>consumer</Filter>
    </ClInclude>
    <ClInclude Include="..\src\common\TimeSliceTask.h">
      <Filter>common</Filter>
    </ClInclude>
    <ClInclude Include="..\include\MQClient.h">
      <Filter>include</Filter>
    </ClInclude>
    <ClInclude Include="..\include\Arg_helper.h">
      <Filter>include</Filter>
    </ClInclude>
    <ClInclude Include="..\src\common\AsyncArg.h">
      <Filter>common</Filter>
    </ClInclude>
  </ItemGroup>
  <ItemGroup>
    <Filter Include="common">
      <UniqueIdentifier>{dfd8cf82-e337-4caf-ae22-a0ccacb1d572}</UniqueIdentifier>
    </Filter>
    <Filter Include="producer">
      <UniqueIdentifier>{a1c5cba7-72b4-4d9a-9d9e-dc3664e10368}</UniqueIdentifier>
    </Filter>
    <Filter Include="message">
      <UniqueIdentifier>{96bebbc6-667b-42e3-9b77-f89584b954d2}</UniqueIdentifier>
    </Filter>
    <Filter Include="include">
      <UniqueIdentifier>{440481d5-f6e3-4b20-bc8a-166ae5f4a042}</UniqueIdentifier>
    </Filter>
    <Filter Include="transport">
      <UniqueIdentifier>{21f53495-7462-4f57-ad30-00a0d5140c95}</UniqueIdentifier>
    </Filter>
    <Filter Include="protocol">
      <UniqueIdentifier>{ff2fad2d-310a-4918-99d6-d25fcac522da}</UniqueIdentifier>
    </Filter>
    <Filter Include="consumer">
      <UniqueIdentifier>{f648063b-c1f8-40b2-8b55-a8988cf21e69}</UniqueIdentifier>
    </Filter>
  </ItemGroup>
</Project>