
Microsoft Visual Studio Solution File, Format Version 12.00
# Visual Studio 15
VisualStudioVersion = 15.0.28307.705
MinimumVisualStudioVersion = 10.0.40219.1
Project("{2150E333-8FDC-42A3-9474-1A3956D46DE8}") = "src", "src", "{DEEA9A82-5BEB-49AF-8F6F-322352345D84}"
EndProject
Project("{2150E333-8FDC-42A3-9474-1A3956D46DE8}") = "example", "example", "{0F1E394B-9232-4FB4-A706-66FC012F18C7}"
EndProject
Project("{2150E333-8FDC-42A3-9474-1A3956D46DE8}") = "demo", "demo", "{F624DE61-E9D1-4D5B-B49A-CD7D2938E04E}"
EndProject
Project("{FAE04EC0-301F-11D3-BF4B-00C04F79EFBC}") = "ConsumerDemo", "example\demo\ConsumerDemo\ConsumerDemo.csproj", "{B67D4F36-156E-4C72-973C-71A221EEA955}"
EndProject
Project("{FAE04EC0-301F-11D3-BF4B-00C04F79EFBC}") = "PullConsumerDemo", "example\demo\PullConsumerDemo\PullConsumerDemo.csproj", "{6616A76E-ADC5-4140-96BC-49206B540DE2}"
EndProject
Project("{9A19103F-16F7-4668-BE54-9A1E7A4F7556}") = "RocketMQ.NetClient", "src\RocketMQ.NETClient\RocketMQ.NetClient.csproj", "{7AD1F2EB-BE66-43DD-88BB-5F3074874341}"
EndProject
Project("{FAE04EC0-301F-11D3-BF4B-00C04F79EFBC}") = "ProducerDemo", "example\demo\ProducerDemo\ProducerDemo.csproj", "{0505FCD7-36E0-4EA5-9A05-FCB1D03FF3C6}"
EndProject
Project("{2150E333-8FDC-42A3-9474-1A3956D46DE8}") = "nugetTest", "nugetTest", "{77520092-AB55-4EEA-B47D-3E72D16AB688}"
EndProject
Project("{9A19103F-16F7-4668-BE54-9A1E7A4F7556}") = "nugetTest", "example\nugetTest\nugetTest\nugetTest\nugetTest.csproj", "{3A3C1960-BF52-4229-A233-8ED46D57F677}"
EndProject
Global
	GlobalSection(SolutionConfigurationPlatforms) = preSolution
		Debug|Any CPU = Debug|Any CPU
		Debug|x64 = Debug|x64
		Debug|x86 = Debug|x86
		Release|Any CPU = Release|Any CPU
		Release|x64 = Release|x64
		Release|x86 = Release|x86
	EndGlobalSection
	GlobalSection(ProjectConfigurationPlatforms) = postSolution
		{B67D4F36-156E-4C72-973C-71A221EEA955}.Debug|Any CPU.ActiveCfg = Debug|Any CPU
		{B67D4F36-156E-4C72-973C-71A221EEA955}.Debug|Any CPU.Build.0 = Debug|Any CPU
		{B67D4F36-156E-4C72-973C-71A221EEA955}.Debug|x64.ActiveCfg = Debug|Any CPU
		{B67D4F36-156E-4C72-973C-71A221EEA955}.Debug|x64.Build.0 = Debug|Any CPU
		{B67D4F36-156E-4C72-973C-71A221EEA955}.Debug|x86.ActiveCfg = Debug|Any CPU
		{B67D4F36-156E-4C72-973C-71A221EEA955}.Debug|x86.Build.0 = Debug|Any CPU
		{B67D4F36-156E-4C72-973C-71A221EEA955}.Release|Any CPU.ActiveCfg = Release|Any CPU
		{B67D4F36-156E-4C72-973C-71A221EEA955}.Release|Any CPU.Build.0 = Release|Any CPU
		{B67D4F36-156E-4C72-973C-71A221EEA955}.Release|x64.ActiveCfg = Release|Any CPU
		{B67D4F36-156E-4C72-973C-71A221EEA955}.Release|x64.Build.0 = Release|Any CPU
		{B67D4F36-156E-4C72-973C-71A221EEA955}.Release|x86.ActiveCfg = Release|Any CPU
		{B67D4F36-156E-4C72-973C-71A221EEA955}.Release|x86.Build.0 = Release|Any CPU
		{6616A76E-ADC5-4140-96BC-49206B540DE2}.Debug|Any CPU.ActiveCfg = Debug|Any CPU
		{6616A76E-ADC5-4140-96BC-49206B540DE2}.Debug|Any CPU.Build.0 = Debug|Any CPU
		{6616A76E-ADC5-4140-96BC-49206B540DE2}.Debug|x64.ActiveCfg = Debug|Any CPU
		{6616A76E-ADC5-4140-96BC-49206B540DE2}.Debug|x64.Build.0 = Debug|Any CPU
		{6616A76E-ADC5-4140-96BC-49206B540DE2}.Debug|x86.ActiveCfg = Debug|Any CPU
		{6616A76E-ADC5-4140-96BC-49206B540DE2}.Debug|x86.Build.0 = Debug|Any CPU
		{6616A76E-ADC5-4140-96BC-49206B540DE2}.Release|Any CPU.ActiveCfg = Release|Any CPU
		{6616A76E-ADC5-4140-96BC-49206B540DE2}.Release|Any CPU.Build.0 = Release|Any CPU
		{6616A76E-ADC5-4140-96BC-49206B540DE2}.Release|x64.ActiveCfg = Release|Any CPU
		{6616A76E-ADC5-4140-96BC-49206B540DE2}.Release|x64.Build.0 = Release|Any CPU
		{6616A76E-ADC5-4140-96BC-49206B540DE2}.Release|x86.ActiveCfg = Release|Any CPU
		{6616A76E-ADC5-4140-96BC-49206B540DE2}.Release|x86.Build.0 = Release|Any CPU
		{7AD1F2EB-BE66-43DD-88BB-5F3074874341}.Debug|Any CPU.ActiveCfg = Debug|Any CPU
		{7AD1F2EB-BE66-43DD-88BB-5F3074874341}.Debug|Any CPU.Build.0 = Debug|Any CPU
		{7AD1F2EB-BE66-43DD-88BB-5F3074874341}.Debug|x64.ActiveCfg = Debug|Any CPU
		{7AD1F2EB-BE66-43DD-88BB-5F3074874341}.Debug|x64.Build.0 = Debug|Any CPU
		{7AD1F2EB-BE66-43DD-88BB-5F3074874341}.Debug|x86.ActiveCfg = Debug|Any CPU
		{7AD1F2EB-BE66-43DD-88BB-5F3074874341}.Debug|x86.Build.0 = Debug|Any CPU
		{7AD1F2EB-BE66-43DD-88BB-5F3074874341}.Release|Any CPU.ActiveCfg = Release|Any CPU
		{7AD1F2EB-BE66-43DD-88BB-5F3074874341}.Release|Any CPU.Build.0 = Release|Any CPU
		{7AD1F2EB-BE66-43DD-88BB-5F3074874341}.Release|x64.ActiveCfg = Release|Any CPU
		{7AD1F2EB-BE66-43DD-88BB-5F3074874341}.Release|x64.Build.0 = Release|Any CPU
		{7AD1F2EB-BE66-43DD-88BB-5F3074874341}.Release|x86.ActiveCfg = Release|Any CPU
		{7AD1F2EB-BE66-43DD-88BB-5F3074874341}.Release|x86.Build.0 = Release|Any CPU
		{0505FCD7-36E0-4EA5-9A05-FCB1D03FF3C6}.Debug|Any CPU.ActiveCfg = Debug|Any CPU
		{0505FCD7-36E0-4EA5-9A05-FCB1D03FF3C6}.Debug|Any CPU.Build.0 = Debug|Any CPU
		{0505FCD7-36E0-4EA5-9A05-FCB1D03FF3C6}.Debug|x64.ActiveCfg = Debug|Any CPU
		{0505FCD7-36E0-4EA5-9A05-FCB1D03FF3C6}.Debug|x64.Build.0 = Debug|Any CPU
		{0505FCD7-36E0-4EA5-9A05-FCB1D03FF3C6}.Debug|x86.ActiveCfg = Debug|Any CPU
		{0505FCD7-36E0-4EA5-9A05-FCB1D03FF3C6}.Debug|x86.Build.0 = Debug|Any CPU
		{0505FCD7-36E0-4EA5-9A05-FCB1D03FF3C6}.Release|Any CPU.ActiveCfg = Release|Any CPU
		{0505FCD7-36E0-4EA5-9A05-FCB1D03FF3C6}.Release|Any CPU.Build.0 = Release|Any CPU
		{0505FCD7-36E0-4EA5-9A05-FCB1D03FF3C6}.Release|x64.ActiveCfg = Release|Any CPU
		{0505FCD7-36E0-4EA5-9A05-FCB1D03FF3C6}.Release|x64.Build.0 = Release|Any CPU
		{0505FCD7-36E0-4EA5-9A05-FCB1D03FF3C6}.Release|x86.ActiveCfg = Release|Any CPU
		{0505FCD7-36E0-4EA5-9A05-FCB1D03FF3C6}.Release|x86.Build.0 = Release|Any CPU
		{3A3C1960-BF52-4229-A233-8ED46D57F677}.Debug|Any CPU.ActiveCfg = Debug|Any CPU
		{3A3C1960-BF52-4229-A233-8ED46D57F677}.Debug|Any CPU.Build.0 = Debug|Any CPU
		{3A3C1960-BF52-4229-A233-8ED46D57F677}.Debug|x64.ActiveCfg = Debug|x64
		{3A3C1960-BF52-4229-A233-8ED46D57F677}.Debug|x64.Build.0 = Debug|x64
		{3A3C1960-BF52-4229-A233-8ED46D57F677}.Debug|x86.ActiveCfg = Debug|Any CPU
		{3A3C1960-BF52-4229-A233-8ED46D57F677}.Debug|x86.Build.0 = Debug|Any CPU
		{3A3C1960-BF52-4229-A233-8ED46D57F677}.Release|Any CPU.ActiveCfg = Release|Any CPU
		{3A3C1960-BF52-4229-A233-8ED46D57F677}.Release|Any CPU.Build.0 = Release|Any CPU
		{3A3C1960-BF52-4229-A233-8ED46D57F677}.Release|x64.ActiveCfg = Release|x64
		{3A3C1960-BF52-4229-A233-8ED46D57F677}.Release|x64.Build.0 = Release|x64
		{3A3C1960-BF52-4229-A233-8ED46D57F677}.Release|x86.ActiveCfg = Release|Any CPU
		{3A3C1960-BF52-4229-A233-8ED46D57F677}.Release|x86.Build.0 = Release|Any CPU
	EndGlobalSection
	GlobalSection(SolutionProperties) = preSolution
		HideSolutionNode = FALSE
	EndGlobalSection
	GlobalSection(NestedProjects) = preSolution
		{F624DE61-E9D1-4D5B-B49A-CD7D2938E04E} = {0F1E394B-9232-4FB4-A706-66FC012F18C7}
		{B67D4F36-156E-4C72-973C-71A221EEA955} = {F624DE61-E9D1-4D5B-B49A-CD7D2938E04E}
		{6616A76E-ADC5-4140-96BC-49206B540DE2} = {F624DE61-E9D1-4D5B-B49A-CD7D2938E04E}
		{7AD1F2EB-BE66-43DD-88BB-5F3074874341} = {DEEA9A82-5BEB-49AF-8F6F-322352345D84}
		{0505FCD7-36E0-4EA5-9A05-FCB1D03FF3C6} = {F624DE61-E9D1-4D5B-B49A-CD7D2938E04E}
		{77520092-AB55-4EEA-B47D-3E72D16AB688} = {0F1E394B-9232-4FB4-A706-66FC012F18C7}
		{3A3C1960-BF52-4229-A233-8ED46D57F677} = {77520092-AB55-4EEA-B47D-3E72D16AB688}
	EndGlobalSection
	GlobalSection(ExtensibilityGlobals) = postSolution
		SolutionGuid = {C3DB38B4-1313-4B75-87CF-E3582CBB21E8}
	EndGlobalSection
EndGlobal
