<?xml version="1.0" encoding="utf-8"?>
<Project ToolsVersion="4.0" xmlns="http://schemas.microsoft.com/developer/msbuild/2003">
  <ItemGroup>
    <Filter Include="include">
      <UniqueIdentifier>{93995380-89BD-4b04-88EB-625FBE52EBFB}</UniqueIdentifier>
      <Extensions>h;hpp;hxx;hm;inl;inc;xsd</Extensions>
    </Filter>
    <Filter Include="src">
      <UniqueIdentifier>{678b26af-eabe-4e65-b282-54a912a9f8da}</UniqueIdentifier>
    </Filter>
  </ItemGroup>
  <ItemGroup>
    <ClInclude Include="..\include\json\autolink.h">
      <Filter>include</Filter>
    </ClInclude>
    <ClInclude Include="..\include\json\config.h">
      <Filter>include</Filter>
    </ClInclude>
    <ClInclude Include="..\include\json\features.h">
      <Filter>include</Filter>
    </ClInclude>
    <ClInclude Include="..\include\json\forwards.h">
      <Filter>include</Filter>
    </ClInclude>
    <ClInclude Include="..\include\json\json.h">
      <Filter>include</Filter>
    </ClInclude>
    <ClInclude Include="..\include\json\reader.h">
      <Filter>include</Filter>
    </ClInclude>
    <ClInclude Include="..\include\json\value.h">
      <Filter>include</Filter>
    </ClInclude>
    <ClInclude Include="..\include\json\writer.h">
      <Filter>include</Filter>
    </ClInclude>
    <ClInclude Include="..\src\json_batchallocator.h">
      <Filter>src</Filter>
    </ClInclude>
  </ItemGroup>
  <ItemGroup>
    <None Include="..\src\json_internalarray.inl">
      <Filter>src</Filter>
    </None>
    <None Include="..\src\json_internalmap.inl">
      <Filter>src</Filter>
    </None>
    <None Include="..\src\json_valueiterator.inl">
      <Filter>src</Filter>
    </None>
    <None Include="..\src\sconscript">
      <Filter>src</Filter>
    </None>
  </ItemGroup>
  <ItemGroup>
    <ClCompile Include="..\src\json_reader.cpp">
      <Filter>src</Filter>
    </ClCompile>
    <ClCompile Include="..\src\json_value.cpp">
      <Filter>src</Filter>
    </ClCompile>
    <ClCompile Include="..\src\json_writer.cpp">
      <Filter>src</Filter>
    </ClCompile>
  </ItemGroup>
</Project>